// !$*UTF8*$!
{
	archiveVersion = 1;
	classes = {
	};
	objectVersion = 46;
	objects = {

/* Begin PBXBuildFile section */
		C529B0771550301D0064B6F5 /* CoreLocation.framework in Frameworks */ = {isa = PBXBuildFile; fileRef = C529B0761550301D0064B6F5 /* CoreLocation.framework */; };
		C529B07A15504DC80064B6F5 /* Constants.m in Sources */ = {isa = PBXBuildFile; fileRef = C529B07915504DC80064B6F5 /* Constants.m */; };
		C5976A68154F221700BBA54C /* AppDelegate.m in Sources */ = {isa = PBXBuildFile; fileRef = C5976A65154F221700BBA54C /* AppDelegate.m */; };
		C5976A69154F221700BBA54C /* HomeViewController.m in Sources */ = {isa = PBXBuildFile; fileRef = C5976A67154F221700BBA54C /* HomeViewController.m */; };
		C5976A6D154F222400BBA54C /* HomeViewController.xib in Resources */ = {isa = PBXBuildFile; fileRef = C5976A6C154F222400BBA54C /* HomeViewController.xib */; };
		C5976A6F154F228400BBA54C /* MapKit.framework in Frameworks */ = {isa = PBXBuildFile; fileRef = C5976A6E154F228400BBA54C /* MapKit.framework */; };
		C5976A74154F28D200BBA54C /* sidebarBtnUnselected.png in Resources */ = {isa = PBXBuildFile; fileRef = C5976A73154F28D200BBA54C /* sidebarBtnUnselected.png */; };
		C5976A7A154F2D7000BBA54C /* sidebarBtnSelected.png in Resources */ = {isa = PBXBuildFile; fileRef = C5976A79154F2D7000BBA54C /* sidebarBtnSelected.png */; };
		C5E50C70154F0BC600B743DC /* UIKit.framework in Frameworks */ = {isa = PBXBuildFile; fileRef = C5E50C6F154F0BC600B743DC /* UIKit.framework */; };
		C5E50C72154F0BC600B743DC /* Foundation.framework in Frameworks */ = {isa = PBXBuildFile; fileRef = C5E50C71154F0BC600B743DC /* Foundation.framework */; };
		C5E50C74154F0BC600B743DC /* CoreGraphics.framework in Frameworks */ = {isa = PBXBuildFile; fileRef = C5E50C73154F0BC600B743DC /* CoreGraphics.framework */; };
		C5E50C7A154F0BC600B743DC /* InfoPlist.strings in Resources */ = {isa = PBXBuildFile; fileRef = C5E50C78154F0BC600B743DC /* InfoPlist.strings */; };
		C5E50C7C154F0BC600B743DC /* main.m in Sources */ = {isa = PBXBuildFile; fileRef = C5E50C7B154F0BC600B743DC /* main.m */; };
/* End PBXBuildFile section */

/* Begin PBXFileReference section */
		C529B0761550301D0064B6F5 /* CoreLocation.framework */ = {isa = PBXFileReference; lastKnownFileType = wrapper.framework; name = CoreLocation.framework; path = System/Library/Frameworks/CoreLocation.framework; sourceTree = SDKROOT; };
		C529B07815504DC80064B6F5 /* Constants.h */ = {isa = PBXFileReference; fileEncoding = 4; lastKnownFileType = sourcecode.c.h; path = Constants.h; sourceTree = "<group>"; };
		C529B07915504DC80064B6F5 /* Constants.m */ = {isa = PBXFileReference; fileEncoding = 4; lastKnownFileType = sourcecode.c.objc; path = Constants.m; sourceTree = "<group>"; };
		C5976A64154F221700BBA54C /* AppDelegate.h */ = {isa = PBXFileReference; fileEncoding = 4; lastKnownFileType = sourcecode.c.h; path = AppDelegate.h; sourceTree = "<group>"; };
		C5976A65154F221700BBA54C /* AppDelegate.m */ = {isa = PBXFileReference; fileEncoding = 4; lastKnownFileType = sourcecode.c.objc; path = AppDelegate.m; sourceTree = "<group>"; };
		C5976A66154F221700BBA54C /* HomeViewController.h */ = {isa = PBXFileReference; fileEncoding = 4; lastKnownFileType = sourcecode.c.h; path = HomeViewController.h; sourceTree = "<group>"; };
		C5976A67154F221700BBA54C /* HomeViewController.m */ = {isa = PBXFileReference; fileEncoding = 4; lastKnownFileType = sourcecode.c.objc; path = HomeViewController.m; sourceTree = "<group>"; };
		C5976A6C154F222400BBA54C /* HomeViewController.xib */ = {isa = PBXFileReference; fileEncoding = 4; lastKnownFileType = file.xib; path = HomeViewController.xib; sourceTree = "<group>"; };
		C5976A6E154F228400BBA54C /* MapKit.framework */ = {isa = PBXFileReference; lastKnownFileType = wrapper.framework; name = MapKit.framework; path = System/Library/Frameworks/MapKit.framework; sourceTree = SDKROOT; };
		C5976A73154F28D200BBA54C /* sidebarBtnUnselected.png */ = {isa = PBXFileReference; lastKnownFileType = image.png; path = sidebarBtnUnselected.png; sourceTree = "<group>"; };
		C5976A79154F2D7000BBA54C /* sidebarBtnSelected.png */ = {isa = PBXFileReference; lastKnownFileType = image.png; path = sidebarBtnSelected.png; sourceTree = "<group>"; };
		C5E50C6B154F0BC600B743DC /* SolarScale.app */ = {isa = PBXFileReference; explicitFileType = wrapper.application; includeInIndex = 0; path = SolarScale.app; sourceTree = BUILT_PRODUCTS_DIR; };
		C5E50C6F154F0BC600B743DC /* UIKit.framework */ = {isa = PBXFileReference; lastKnownFileType = wrapper.framework; name = UIKit.framework; path = System/Library/Frameworks/UIKit.framework; sourceTree = SDKROOT; };
		C5E50C71154F0BC600B743DC /* Foundation.framework */ = {isa = PBXFileReference; lastKnownFileType = wrapper.framework; name = Foundation.framework; path = System/Library/Frameworks/Foundation.framework; sourceTree = SDKROOT; };
		C5E50C73154F0BC600B743DC /* CoreGraphics.framework */ = {isa = PBXFileReference; lastKnownFileType = wrapper.framework; name = CoreGraphics.framework; path = System/Library/Frameworks/CoreGraphics.framework; sourceTree = SDKROOT; };
		C5E50C77154F0BC600B743DC /* SolarScale-Info.plist */ = {isa = PBXFileReference; lastKnownFileType = text.plist.xml; path = "SolarScale-Info.plist"; sourceTree = "<group>"; };
		C5E50C79154F0BC600B743DC /* en */ = {isa = PBXFileReference; lastKnownFileType = text.plist.strings; name = en; path = en.lproj/InfoPlist.strings; sourceTree = "<group>"; };
		C5E50C7B154F0BC600B743DC /* main.m */ = {isa = PBXFileReference; lastKnownFileType = sourcecode.c.objc; path = main.m; sourceTree = "<group>"; };
		C5E50C7D154F0BC600B743DC /* SolarScale-Prefix.pch */ = {isa = PBXFileReference; lastKnownFileType = sourcecode.c.h; path = "SolarScale-Prefix.pch"; sourceTree = "<group>"; };
/* End PBXFileReference section */

/* Begin PBXFrameworksBuildPhase section */
		C5E50C68154F0BC600B743DC /* Frameworks */ = {
			isa = PBXFrameworksBuildPhase;
			buildActionMask = 2147483647;
			files = (
				C529B0771550301D0064B6F5 /* CoreLocation.framework in Frameworks */,
				C5976A6F154F228400BBA54C /* MapKit.framework in Frameworks */,
				C5E50C70154F0BC600B743DC /* UIKit.framework in Frameworks */,
				C5E50C72154F0BC600B743DC /* Foundation.framework in Frameworks */,
				C5E50C74154F0BC600B743DC /* CoreGraphics.framework in Frameworks */,
			);
			runOnlyForDeploymentPostprocessing = 0;
		};
/* End PBXFrameworksBuildPhase section */

/* Begin PBXGroup section */
		C5976A5E154F221700BBA54C /* Classes */ = {
			isa = PBXGroup;
			children = (
				C5976A5F154F221700BBA54C /* Category */,
				C5976A60154F221700BBA54C /* Helper */,
				C5976A61154F221700BBA54C /* Model */,
				C5976A62154F221700BBA54C /* View */,
				C5976A63154F221700BBA54C /* ViewController */,
			);
			path = Classes;
			sourceTree = "<group>";
		};
		C5976A5F154F221700BBA54C /* Category */ = {
			isa = PBXGroup;
			children = (
			);
			path = Category;
			sourceTree = "<group>";
		};
		C5976A60154F221700BBA54C /* Helper */ = {
			isa = PBXGroup;
			children = (
				C529B07815504DC80064B6F5 /* Constants.h */,
				C529B07915504DC80064B6F5 /* Constants.m */,
			);
			path = Helper;
			sourceTree = "<group>";
		};
		C5976A61154F221700BBA54C /* Model */ = {
			isa = PBXGroup;
			children = (
			);
			path = Model;
			sourceTree = "<group>";
		};
		C5976A62154F221700BBA54C /* View */ = {
			isa = PBXGroup;
			children = (
			);
			path = View;
			sourceTree = "<group>";
		};
		C5976A63154F221700BBA54C /* ViewController */ = {
			isa = PBXGroup;
			children = (
				C5976A64154F221700BBA54C /* AppDelegate.h */,
				C5976A65154F221700BBA54C /* AppDelegate.m */,
				C5976A66154F221700BBA54C /* HomeViewController.h */,
				C5976A67154F221700BBA54C /* HomeViewController.m */,
			);
			path = ViewController;
			sourceTree = "<group>";
		};
		C5976A6A154F222400BBA54C /* Interface */ = {
			isa = PBXGroup;
			children = (
				C5976A6B154F222400BBA54C /* XIB */,
			);
			path = Interface;
			sourceTree = "<group>";
		};
		C5976A6B154F222400BBA54C /* XIB */ = {
			isa = PBXGroup;
			children = (
				C5976A6C154F222400BBA54C /* HomeViewController.xib */,
			);
			path = XIB;
			sourceTree = "<group>";
		};
		C5976A70154F286700BBA54C /* Images */ = {
			isa = PBXGroup;
			children = (
				C5976A79154F2D7000BBA54C /* sidebarBtnSelected.png */,
				C5976A73154F28D200BBA54C /* sidebarBtnUnselected.png */,
			);
			name = Images;
			sourceTree = "<group>";
		};
		C5E50C60154F0BC500B743DC = {
			isa = PBXGroup;
			children = (
				C5E50C75154F0BC600B743DC /* SolarScale */,
				C5E50C6E154F0BC600B743DC /* Frameworks */,
				C5E50C6C154F0BC600B743DC /* Products */,
			);
			sourceTree = "<group>";
		};
		C5E50C6C154F0BC600B743DC /* Products */ = {
			isa = PBXGroup;
			children = (
				C5E50C6B154F0BC600B743DC /* SolarScale.app */,
			);
			name = Products;
			sourceTree = "<group>";
		};
		C5E50C6E154F0BC600B743DC /* Frameworks */ = {
			isa = PBXGroup;
			children = (
				C529B0761550301D0064B6F5 /* CoreLocation.framework */,
				C5976A6E154F228400BBA54C /* MapKit.framework */,
				C5E50C6F154F0BC600B743DC /* UIKit.framework */,
				C5E50C71154F0BC600B743DC /* Foundation.framework */,
				C5E50C73154F0BC600B743DC /* CoreGraphics.framework */,
			);
			name = Frameworks;
			sourceTree = "<group>";
		};
		C5E50C75154F0BC600B743DC /* SolarScale */ = {
			isa = PBXGroup;
			children = (
				C5976A5E154F221700BBA54C /* Classes */,
				C5976A6A154F222400BBA54C /* Interface */,
				C5E50C76154F0BC600B743DC /* Supporting Files */,
			);
			path = SolarScale;
			sourceTree = "<group>";
		};
		C5E50C76154F0BC600B743DC /* Supporting Files */ = {
			isa = PBXGroup;
			children = (
				C5976A70154F286700BBA54C /* Images */,
				C5E50C77154F0BC600B743DC /* SolarScale-Info.plist */,
				C5E50C78154F0BC600B743DC /* InfoPlist.strings */,
				C5E50C7B154F0BC600B743DC /* main.m */,
				C5E50C7D154F0BC600B743DC /* SolarScale-Prefix.pch */,
			);
			name = "Supporting Files";
			sourceTree = "<group>";
		};
/* End PBXGroup section */

/* Begin PBXNativeTarget section */
		C5E50C6A154F0BC600B743DC /* SolarScale */ = {
			isa = PBXNativeTarget;
			buildConfigurationList = C5E50C89154F0BC600B743DC /* Build configuration list for PBXNativeTarget "SolarScale" */;
			buildPhases = (
				C5E50C67154F0BC600B743DC /* Sources */,
				C5E50C68154F0BC600B743DC /* Frameworks */,
				C5E50C69154F0BC600B743DC /* Resources */,
			);
			buildRules = (
			);
			dependencies = (
			);
			name = SolarScale;
			productName = SolarScale;
			productReference = C5E50C6B154F0BC600B743DC /* SolarScale.app */;
			productType = "com.apple.product-type.application";
		};
/* End PBXNativeTarget section */

/* Begin PBXProject section */
		C5E50C62154F0BC500B743DC /* Project object */ = {
			isa = PBXProject;
			attributes = {
				LastUpgradeCheck = 0430;
				ORGANIZATIONNAME = "The Nerdery";
			};
			buildConfigurationList = C5E50C65154F0BC500B743DC /* Build configuration list for PBXProject "SolarScale" */;
			compatibilityVersion = "Xcode 3.2";
			developmentRegion = English;
			hasScannedForEncodings = 0;
			knownRegions = (
				en,
			);
			mainGroup = C5E50C60154F0BC500B743DC;
			productRefGroup = C5E50C6C154F0BC600B743DC /* Products */;
			projectDirPath = "";
			projectRoot = "";
			targets = (
				C5E50C6A154F0BC600B743DC /* SolarScale */,
			);
		};
/* End PBXProject section */

/* Begin PBXResourcesBuildPhase section */
		C5E50C69154F0BC600B743DC /* Resources */ = {
			isa = PBXResourcesBuildPhase;
			buildActionMask = 2147483647;
			files = (
				C5E50C7A154F0BC600B743DC /* InfoPlist.strings in Resources */,
				C5976A6D154F222400BBA54C /* HomeViewController.xib in Resources */,
				C5976A74154F28D200BBA54C /* sidebarBtnUnselected.png in Resources */,
				C5976A7A154F2D7000BBA54C /* sidebarBtnSelected.png in Resources */,
			);
			runOnlyForDeploymentPostprocessing = 0;
		};
/* End PBXResourcesBuildPhase section */

/* Begin PBXSourcesBuildPhase section */
		C5E50C67154F0BC600B743DC /* Sources */ = {
			isa = PBXSourcesBuildPhase;
			buildActionMask = 2147483647;
			files = (
				C5E50C7C154F0BC600B743DC /* main.m in Sources */,
				C5976A68154F221700BBA54C /* AppDelegate.m in Sources */,
				C5976A69154F221700BBA54C /* HomeViewController.m in Sources */,
				C529B07A15504DC80064B6F5 /* Constants.m in Sources */,
			);
			runOnlyForDeploymentPostprocessing = 0;
		};
/* End PBXSourcesBuildPhase section */

/* Begin PBXVariantGroup section */
		C5E50C78154F0BC600B743DC /* InfoPlist.strings */ = {
			isa = PBXVariantGroup;
			children = (
				C5E50C79154F0BC600B743DC /* en */,
			);
			name = InfoPlist.strings;
			sourceTree = "<group>";
		};
/* End PBXVariantGroup section */

/* Begin XCBuildConfiguration section */
		C5E50C87154F0BC600B743DC /* Debug */ = {
			isa = XCBuildConfiguration;
			buildSettings = {
				ALWAYS_SEARCH_USER_PATHS = NO;
				ARCHS = "$(ARCHS_STANDARD_32_BIT)";
				CLANG_ENABLE_OBJC_ARC = YES;
				"CODE_SIGN_IDENTITY[sdk=iphoneos*]" = "iPhone Developer";
				COPY_PHASE_STRIP = NO;
				GCC_C_LANGUAGE_STANDARD = gnu99;
				GCC_DYNAMIC_NO_PIC = NO;
				GCC_OPTIMIZATION_LEVEL = 0;
				GCC_PREPROCESSOR_DEFINITIONS = (
					"DEBUG=1",
					"$(inherited)",
				);
				GCC_SYMBOLS_PRIVATE_EXTERN = NO;
				GCC_VERSION = com.apple.compilers.llvm.clang.1_0;
				GCC_WARN_ABOUT_RETURN_TYPE = YES;
				GCC_WARN_UNINITIALIZED_AUTOS = YES;
				GCC_WARN_UNUSED_VARIABLE = YES;
				IPHONEOS_DEPLOYMENT_TARGET = 5.1;
				SDKROOT = iphoneos;
				TARGETED_DEVICE_FAMILY = 2;
			};
			name = Debug;
		};
		C5E50C88154F0BC600B743DC /* Release */ = {
			isa = XCBuildConfiguration;
			buildSettings = {
				ALWAYS_SEARCH_USER_PATHS = NO;
				ARCHS = "$(ARCHS_STANDARD_32_BIT)";
				CLANG_ENABLE_OBJC_ARC = YES;
				"CODE_SIGN_IDENTITY[sdk=iphoneos*]" = "iPhone Developer";
				COPY_PHASE_STRIP = YES;
				GCC_C_LANGUAGE_STANDARD = gnu99;
				GCC_VERSION = com.apple.compilers.llvm.clang.1_0;
				GCC_WARN_ABOUT_RETURN_TYPE = YES;
				GCC_WARN_UNINITIALIZED_AUTOS = YES;
				GCC_WARN_UNUSED_VARIABLE = YES;
				IPHONEOS_DEPLOYMENT_TARGET = 5.1;
				OTHER_CFLAGS = "-DNS_BLOCK_ASSERTIONS=1";
				SDKROOT = iphoneos;
				TARGETED_DEVICE_FAMILY = 2;
				VALIDATE_PRODUCT = YES;
			};
			name = Release;
		};
		C5E50C8A154F0BC600B743DC /* Debug */ = {
			isa = XCBuildConfiguration;
			buildSettings = {
				GCC_PRECOMPILE_PREFIX_HEADER = YES;
				GCC_PREFIX_HEADER = "SolarScale/SolarScale-Prefix.pch";
				INFOPLIST_FILE = "SolarScale/SolarScale-Info.plist";
				PRODUCT_NAME = "$(TARGET_NAME)";
				WRAPPER_EXTENSION = app;
			};
			name = Debug;
		};
		C5E50C8B154F0BC600B743DC /* Release */ = {
			isa = XCBuildConfiguration;
			buildSettings = {
				GCC_PRECOMPILE_PREFIX_HEADER = YES;
				GCC_PREFIX_HEADER = "SolarScale/SolarScale-Prefix.pch";
				INFOPLIST_FILE = "SolarScale/SolarScale-Info.plist";
				PRODUCT_NAME = "$(TARGET_NAME)";
				WRAPPER_EXTENSION = app;
			};
			name = Release;
		};
/* End XCBuildConfiguration section */

/* Begin XCConfigurationList section */
		C5E50C65154F0BC500B743DC /* Build configuration list for PBXProject "SolarScale" */ = {
			isa = XCConfigurationList;
			buildConfigurations = (
				C5E50C87154F0BC600B743DC /* Debug */,
				C5E50C88154F0BC600B743DC /* Release */,
			);
			defaultConfigurationIsVisible = 0;
			defaultConfigurationName = Release;
		};
		C5E50C89154F0BC600B743DC /* Build configuration list for PBXNativeTarget "SolarScale" */ = {
			isa = XCConfigurationList;
			buildConfigurations = (
				C5E50C8A154F0BC600B743DC /* Debug */,
				C5E50C8B154F0BC600B743DC /* Release */,
			);
			defaultConfigurationIsVisible = 0;
			defaultConfigurationName = Release;
		};
/* End XCConfigurationList section */
	};
	rootObject = C5E50C62154F0BC500B743DC /* Project object */;
}
